// !$*UTF8*$!
{
	archiveVersion = 1;
	classes = {
	};
	objectVersion = 50;
	objects = {

/* Begin PBXBuildFile section */
		AFA6283F2370697D009EBB45 /* AppDelegate.swift in Sources */ = {isa = PBXBuildFile; fileRef = AFA6283E2370697D009EBB45 /* AppDelegate.swift */; };
		AFA628412370697D009EBB45 /* ViewController.swift in Sources */ = {isa = PBXBuildFile; fileRef = AFA628402370697D009EBB45 /* ViewController.swift */; };
		AFA628442370697D009EBB45 /* Main.storyboard in Resources */ = {isa = PBXBuildFile; fileRef = AFA628422370697D009EBB45 /* Main.storyboard */; };
		AFA628462370697E009EBB45 /* Assets.xcassets in Resources */ = {isa = PBXBuildFile; fileRef = AFA628452370697E009EBB45 /* Assets.xcassets */; };
		AFA628492370697E009EBB45 /* LaunchScreen.storyboard in Resources */ = {isa = PBXBuildFile; fileRef = AFA628472370697E009EBB45 /* LaunchScreen.storyboard */; };
		AFA6285123706A1D009EBB45 /* Display.swift in Sources */ = {isa = PBXBuildFile; fileRef = AFA6285023706A1D009EBB45 /* Display.swift */; };
		AFA6285423706AE3009EBB45 /* LoadingViewController.swift in Sources */ = {isa = PBXBuildFile; fileRef = AFA6285223706AE3009EBB45 /* LoadingViewController.swift */; };
		AFA6285523706AE3009EBB45 /* LoadingViewController.xib in Resources */ = {isa = PBXBuildFile; fileRef = AFA6285323706AE3009EBB45 /* LoadingViewController.xib */; };
		AFA6285923706CC5009EBB45 /* ErrorViewController.swift in Sources */ = {isa = PBXBuildFile; fileRef = AFA6285723706CC5009EBB45 /* ErrorViewController.swift */; };
		AFA6285A23706CC5009EBB45 /* ErrorViewController.xib in Resources */ = {isa = PBXBuildFile; fileRef = AFA6285823706CC5009EBB45 /* ErrorViewController.xib */; };
		AFA6285C23707331009EBB45 /* ConnectionViewController.swift in Sources */ = {isa = PBXBuildFile; fileRef = AFA6285B23707331009EBB45 /* ConnectionViewController.swift */; };
		AFA6285E237073D5009EBB45 /* DisplayViewController.swift in Sources */ = {isa = PBXBuildFile; fileRef = AFA6285D237073D5009EBB45 /* DisplayViewController.swift */; };
/* End PBXBuildFile section */

/* Begin PBXFileReference section */
		AFA6283B2370697D009EBB45 /* ViewStateStudy.app */ = {isa = PBXFileReference; explicitFileType = wrapper.application; includeInIndex = 0; path = ViewStateStudy.app; sourceTree = BUILT_PRODUCTS_DIR; };
		AFA6283E2370697D009EBB45 /* AppDelegate.swift */ = {isa = PBXFileReference; lastKnownFileType = sourcecode.swift; path = AppDelegate.swift; sourceTree = "<group>"; };
		AFA628402370697D009EBB45 /* ViewController.swift */ = {isa = PBXFileReference; lastKnownFileType = sourcecode.swift; path = ViewController.swift; sourceTree = "<group>"; };
		AFA628432370697D009EBB45 /* Base */ = {isa = PBXFileReference; lastKnownFileType = file.storyboard; name = Base; path = Base.lproj/Main.storyboard; sourceTree = "<group>"; };
		AFA628452370697E009EBB45 /* Assets.xcassets */ = {isa = PBXFileReference; lastKnownFileType = folder.assetcatalog; path = Assets.xcassets; sourceTree = "<group>"; };
		AFA628482370697E009EBB45 /* Base */ = {isa = PBXFileReference; lastKnownFileType = file.storyboard; name = Base; path = Base.lproj/LaunchScreen.storyboard; sourceTree = "<group>"; };
		AFA6284A2370697E009EBB45 /* Info.plist */ = {isa = PBXFileReference; lastKnownFileType = text.plist.xml; path = Info.plist; sourceTree = "<group>"; };
		AFA6285023706A1D009EBB45 /* Display.swift */ = {isa = PBXFileReference; lastKnownFileType = sourcecode.swift; path = Display.swift; sourceTree = "<group>"; };
		AFA6285223706AE3009EBB45 /* LoadingViewController.swift */ = {isa = PBXFileReference; lastKnownFileType = sourcecode.swift; path = LoadingViewController.swift; sourceTree = "<group>"; };
		AFA6285323706AE3009EBB45 /* LoadingViewController.xib */ = {isa = PBXFileReference; lastKnownFileType = file.xib; path = LoadingViewController.xib; sourceTree = "<group>"; };
		AFA6285723706CC5009EBB45 /* ErrorViewController.swift */ = {isa = PBXFileReference; lastKnownFileType = sourcecode.swift; path = ErrorViewController.swift; sourceTree = "<group>"; };
		AFA6285823706CC5009EBB45 /* ErrorViewController.xib */ = {isa = PBXFileReference; lastKnownFileType = file.xib; path = ErrorViewController.xib; sourceTree = "<group>"; };
		AFA6285B23707331009EBB45 /* ConnectionViewController.swift */ = {isa = PBXFileReference; lastKnownFileType = sourcecode.swift; path = ConnectionViewController.swift; sourceTree = "<group>"; };
		AFA6285D237073D5009EBB45 /* DisplayViewController.swift */ = {isa = PBXFileReference; lastKnownFileType = sourcecode.swift; path = DisplayViewController.swift; sourceTree = "<group>"; };
/* End PBXFileReference section */

/* Begin PBXFrameworksBuildPhase section */
		AFA628382370697D009EBB45 /* Frameworks */ = {
			isa = PBXFrameworksBuildPhase;
			buildActionMask = 2147483647;
			files = (
			);
			runOnlyForDeploymentPostprocessing = 0;
		};
/* End PBXFrameworksBuildPhase section */

/* Begin PBXGroup section */
		AFA628322370697D009EBB45 = {
			isa = PBXGroup;
			children = (
				AFA6283D2370697D009EBB45 /* ViewStateStudy */,
				AFA6283C2370697D009EBB45 /* Products */,
			);
			sourceTree = "<group>";
		};
		AFA6283C2370697D009EBB45 /* Products */ = {
			isa = PBXGroup;
			children = (
				AFA6283B2370697D009EBB45 /* ViewStateStudy.app */,
			);
			name = Products;
			sourceTree = "<group>";
		};
		AFA6283D2370697D009EBB45 /* ViewStateStudy */ = {
			isa = PBXGroup;
			children = (
				AFA6285023706A1D009EBB45 /* Display.swift */,
				AFA6285623706BDE009EBB45 /* StateViews */,
				AFA6283E2370697D009EBB45 /* AppDelegate.swift */,
				AFA628402370697D009EBB45 /* ViewController.swift */,
				AFA628422370697D009EBB45 /* Main.storyboard */,
				AFA628452370697E009EBB45 /* Assets.xcassets */,
				AFA628472370697E009EBB45 /* LaunchScreen.storyboard */,
				AFA6284A2370697E009EBB45 /* Info.plist */,
			);
			path = ViewStateStudy;
			sourceTree = "<group>";
		};
		AFA6285623706BDE009EBB45 /* StateViews */ = {
			isa = PBXGroup;
			children = (
				AFA6285223706AE3009EBB45 /* LoadingViewController.swift */,
				AFA6285323706AE3009EBB45 /* LoadingViewController.xib */,
				AFA6285723706CC5009EBB45 /* ErrorViewController.swift */,
				AFA6285823706CC5009EBB45 /* ErrorViewController.xib */,
				AFA6285B23707331009EBB45 /* ConnectionViewController.swift */,
				AFA6285D237073D5009EBB45 /* DisplayViewController.swift */,
			);
			path = StateViews;
			sourceTree = "<group>";
		};
/* End PBXGroup section */

/* Begin PBXNativeTarget section */
		AFA6283A2370697D009EBB45 /* ViewStateStudy */ = {
			isa = PBXNativeTarget;
			buildConfigurationList = AFA6284D2370697E009EBB45 /* Build configuration list for PBXNativeTarget "ViewStateStudy" */;
			buildPhases = (
				AFA628372370697D009EBB45 /* Sources */,
				AFA628382370697D009EBB45 /* Frameworks */,
				AFA628392370697D009EBB45 /* Resources */,
			);
			buildRules = (
			);
			dependencies = (
			);
			name = ViewStateStudy;
			productName = ViewStateStudy;
			productReference = AFA6283B2370697D009EBB45 /* ViewStateStudy.app */;
			productType = "com.apple.product-type.application";
		};
/* End PBXNativeTarget section */

/* Begin PBXProject section */
		AFA628332370697D009EBB45 /* Project object */ = {
			isa = PBXProject;
			attributes = {
				LastSwiftUpdateCheck = 1030;
				LastUpgradeCheck = 1030;
				ORGANIZATIONNAME = "Wanis Co.";
				TargetAttributes = {
					AFA6283A2370697D009EBB45 = {
						CreatedOnToolsVersion = 10.3;
					};
				};
			};
			buildConfigurationList = AFA628362370697D009EBB45 /* Build configuration list for PBXProject "ViewStateStudy" */;
			compatibilityVersion = "Xcode 9.3";
			developmentRegion = en;
			hasScannedForEncodings = 0;
			knownRegions = (
				en,
				Base,
			);
			mainGroup = AFA628322370697D009EBB45;
			productRefGroup = AFA6283C2370697D009EBB45 /* Products */;
			projectDirPath = "";
			projectRoot = "";
			targets = (
				AFA6283A2370697D009EBB45 /* ViewStateStudy */,
			);
		};
/* End PBXProject section */

/* Begin PBXResourcesBuildPhase section */
		AFA628392370697D009EBB45 /* Resources */ = {
			isa = PBXResourcesBuildPhase;
			buildActionMask = 2147483647;
			files = (
				AFA628492370697E009EBB45 /* LaunchScreen.storyboard in Resources */,
				AFA628462370697E009EBB45 /* Assets.xcassets in Resources */,
				AFA628442370697D009EBB45 /* Main.storyboard in Resources */,
				AFA6285A23706CC5009EBB45 /* ErrorViewController.xib in Resources */,
				AFA6285523706AE3009EBB45 /* LoadingViewController.xib in Resources */,
			);
			runOnlyForDeploymentPostprocessing = 0;
		};
/* End PBXResourcesBuildPhase section */

/* Begin PBXSourcesBuildPhase section */
		AFA628372370697D009EBB45 /* Sources */ = {
			isa = PBXSourcesBuildPhase;
			buildActionMask = 2147483647;
			files = (
				AFA628412370697D009EBB45 /* ViewController.swift in Sources */,
				AFA6285E237073D5009EBB45 /* DisplayViewController.swift in Sources */,
				AFA6285123706A1D009EBB45 /* Display.swift in Sources */,
				AFA6285C23707331009EBB45 /* ConnectionViewController.swift in Sources */,
				AFA6285923706CC5009EBB45 /* ErrorViewController.swift in Sources */,
				AFA6283F2370697D009EBB45 /* AppDelegate.swift in Sources */,
				AFA6285423706AE3009EBB45 /* LoadingViewController.swift in Sources */,
			);
			runOnlyForDeploymentPostprocessing = 0;
		};
/* End PBXSourcesBuildPhase section */

/* Begin PBXVariantGroup section */
		AFA628422370697D009EBB45 /* Main.storyboard */ = {
			isa = PBXVariantGroup;
			children = (
				AFA628432370697D009EBB45 /* Base */,
			);
			name = Main.storyboard;
			sourceTree = "<group>";
		};
		AFA628472370697E009EBB45 /* LaunchScreen.storyboard */ = {
			isa = PBXVariantGroup;
			children = (
				AFA628482370697E009EBB45 /* Base */,
			);
			name = LaunchScreen.storyboard;
			sourceTree = "<group>";
		};
/* End PBXVariantGroup section */

/* Begin XCBuildConfiguration section */
		AFA6284B2370697E009EBB45 /* Debug */ = {
			isa = XCBuildConfiguration;
			buildSettings = {
				ALWAYS_SEARCH_USER_PATHS = NO;
				CLANG_ANALYZER_NONNULL = YES;
				CLANG_ANALYZER_NUMBER_OBJECT_CONVERSION = YES_AGGRESSIVE;
				CLANG_CXX_LANGUAGE_STANDARD = "gnu++14";
				CLANG_CXX_LIBRARY = "libc++";
				CLANG_ENABLE_MODULES = YES;
				CLANG_ENABLE_OBJC_ARC = YES;
				CLANG_ENABLE_OBJC_WEAK = YES;
				CLANG_WARN_BLOCK_CAPTURE_AUTORELEASING = YES;
				CLANG_WARN_BOOL_CONVERSION = YES;
				CLANG_WARN_COMMA = YES;
				CLANG_WARN_CONSTANT_CONVERSION = YES;
				CLANG_WARN_DEPRECATED_OBJC_IMPLEMENTATIONS = YES;
				CLANG_WARN_DIRECT_OBJC_ISA_USAGE = YES_ERROR;
				CLANG_WARN_DOCUMENTATION_COMMENTS = YES;
				CLANG_WARN_EMPTY_BODY = YES;
				CLANG_WARN_ENUM_CONVERSION = YES;
				CLANG_WARN_INFINITE_RECURSION = YES;
				CLANG_WARN_INT_CONVERSION = YES;
				CLANG_WARN_NON_LITERAL_NULL_CONVERSION = YES;
				CLANG_WARN_OBJC_IMPLICIT_RETAIN_SELF = YES;
				CLANG_WARN_OBJC_LITERAL_CONVERSION = YES;
				CLANG_WARN_OBJC_ROOT_CLASS = YES_ERROR;
				CLANG_WARN_RANGE_LOOP_ANALYSIS = YES;
				CLANG_WARN_STRICT_PROTOTYPES = YES;
				CLANG_WARN_SUSPICIOUS_MOVE = YES;
				CLANG_WARN_UNGUARDED_AVAILABILITY = YES_AGGRESSIVE;
				CLANG_WARN_UNREACHABLE_CODE = YES;
				CLANG_WARN__DUPLICATE_METHOD_MATCH = YES;
				CODE_SIGN_IDENTITY = "iPhone Developer";
				COPY_PHASE_STRIP = NO;
				DEBUG_INFORMATION_FORMAT = dwarf;
				ENABLE_STRICT_OBJC_MSGSEND = YES;
				ENABLE_TESTABILITY = YES;
				GCC_C_LANGUAGE_STANDARD = gnu11;
				GCC_DYNAMIC_NO_PIC = NO;
				GCC_NO_COMMON_BLOCKS = YES;
				GCC_OPTIMIZATION_LEVEL = 0;
				GCC_PREPROCESSOR_DEFINITIONS = (
					"DEBUG=1",
					"$(inherited)",
				);
				GCC_WARN_64_TO_32_BIT_CONVERSION = YES;
				GCC_WARN_ABOUT_RETURN_TYPE = YES_ERROR;
				GCC_WARN_UNDECLARED_SELECTOR = YES;
				GCC_WARN_UNINITIALIZED_AUTOS = YES_AGGRESSIVE;
				GCC_WARN_UNUSED_FUNCTION = YES;
				GCC_WARN_UNUSED_VARIABLE = YES;
				IPHONEOS_DEPLOYMENT_TARGET = 12.4;
				MTL_ENABLE_DEBUG_INFO = INCLUDE_SOURCE;
				MTL_FAST_MATH = YES;
				ONLY_ACTIVE_ARCH = YES;
				SDKROOT = iphoneos;
				SWIFT_ACTIVE_COMPILATION_CONDITIONS = DEBUG;
				SWIFT_OPTIMIZATION_LEVEL = "-Onone";
			};
			name = Debug;
		};
		AFA6284C2370697E009EBB45 /* Release */ = {
			isa = XCBuildConfiguration;
			buildSettings = {
				ALWAYS_SEARCH_USER_PATHS = NO;
				CLANG_ANALYZER_NONNULL = YES;
				CLANG_ANALYZER_NUMBER_OBJECT_CONVERSION = YES_AGGRESSIVE;
				CLANG_CXX_LANGUAGE_STANDARD = "gnu++14";
				CLANG_CXX_LIBRARY = "libc++";
				CLANG_ENABLE_MODULES = YES;
				CLANG_ENABLE_OBJC_ARC = YES;
				CLANG_ENABLE_OBJC_WEAK = YES;
				CLANG_WARN_BLOCK_CAPTURE_AUTORELEASING = YES;
				CLANG_WARN_BOOL_CONVERSION = YES;
				CLANG_WARN_COMMA = YES;
				CLANG_WARN_CONSTANT_CONVERSION = YES;
				CLANG_WARN_DEPRECATED_OBJC_IMPLEMENTATIONS = YES;
				CLANG_WARN_DIRECT_OBJC_ISA_USAGE = YES_ERROR;
				CLANG_WARN_DOCUMENTATION_COMMENTS = YES;
				CLANG_WARN_EMPTY_BODY = YES;
				CLANG_WARN_ENUM_CONVERSION = YES;
				CLANG_WARN_INFINITE_RECURSION = YES;
				CLANG_WARN_INT_CONVERSION = YES;
				CLANG_WARN_NON_LITERAL_NULL_CONVERSION = YES;
				CLANG_WARN_OBJC_IMPLICIT_RETAIN_SELF = YES;
				CLANG_WARN_OBJC_LITERAL_CONVERSION = YES;
				CLANG_WARN_OBJC_ROOT_CLASS = YES_ERROR;
				CLANG_WARN_RANGE_LOOP_ANALYSIS = YES;
				CLANG_WARN_STRICT_PROTOTYPES = YES;
				CLANG_WARN_SUSPICIOUS_MOVE = YES;
				CLANG_WARN_UNGUARDED_AVAILABILITY = YES_AGGRESSIVE;
				CLANG_WARN_UNREACHABLE_CODE = YES;
				CLANG_WARN__DUPLICATE_METHOD_MATCH = YES;
				CODE_SIGN_IDENTITY = "iPhone Developer";
				COPY_PHASE_STRIP = NO;
				DEBUG_INFORMATION_FORMAT = "dwarf-with-dsym";
				ENABLE_NS_ASSERTIONS = NO;
				ENABLE_STRICT_OBJC_MSGSEND = YES;
				GCC_C_LANGUAGE_STANDARD = gnu11;
				GCC_NO_COMMON_BLOCKS = YES;
				GCC_WARN_64_TO_32_BIT_CONVERSION = YES;
				GCC_WARN_ABOUT_RETURN_TYPE = YES_ERROR;
				GCC_WARN_UNDECLARED_SELECTOR = YES;
				GCC_WARN_UNINITIALIZED_AUTOS = YES_AGGRESSIVE;
				GCC_WARN_UNUSED_FUNCTION = YES;
				GCC_WARN_UNUSED_VARIABLE = YES;
				IPHONEOS_DEPLOYMENT_TARGET = 12.4;
				MTL_ENABLE_DEBUG_INFO = NO;
				MTL_FAST_MATH = YES;
				SDKROOT = iphoneos;
				SWIFT_COMPILATION_MODE = wholemodule;
				SWIFT_OPTIMIZATION_LEVEL = "-O";
				VALIDATE_PRODUCT = YES;
			};
			name = Release;
		};
		AFA6284E2370697E009EBB45 /* Debug */ = {
			isa = XCBuildConfiguration;
			buildSettings = {
				ASSETCATALOG_COMPILER_APPICON_NAME = AppIcon;
				CODE_SIGN_STYLE = Automatic;
				DEVELOPMENT_TEAM = H4K48S49BZ;
				INFOPLIST_FILE = ViewStateStudy/Info.plist;
				LD_RUNPATH_SEARCH_PATHS = (
					"$(inherited)",
					"@executable_path/Frameworks",
				);
				PRODUCT_BUNDLE_IDENTIFIER = com.wanis.ViewStateStudy;
				PRODUCT_NAME = "$(TARGET_NAME)";
				SWIFT_VERSION = 5.0;
				TARGETED_DEVICE_FAMILY = "1,2";
			};
			name = Debug;
		};
		AFA6284F2370697E009EBB45 /* Release */ = {
			isa = XCBuildConfiguration;
			buildSettings = {
				ASSETCATALOG_COMPILER_APPICON_NAME = AppIcon;
				CODE_SIGN_STYLE = Automatic;
				DEVELOPMENT_TEAM = H4K48S49BZ;
				INFOPLIST_FILE = ViewStateStudy/Info.plist;
				LD_RUNPATH_SEARCH_PATHS = (
					"$(inherited)",
					"@executable_path/Frameworks",
				);
				PRODUCT_BUNDLE_IDENTIFIER = com.wanis.ViewStateStudy;
				PRODUCT_NAME = "$(TARGET_NAME)";
				SWIFT_VERSION = 5.0;
				TARGETED_DEVICE_FAMILY = "1,2";
			};
			name = Release;
		};
/* End XCBuildConfiguration section */

/* Begin XCConfigurationList section */
		AFA628362370697D009EBB45 /* Build configuration list for PBXProject "ViewStateStudy" */ = {
			isa = XCConfigurationList;
			buildConfigurations = (
				AFA6284B2370697E009EBB45 /* Debug */,
				AFA6284C2370697E009EBB45 /* Release */,
			);
			defaultConfigurationIsVisible = 0;
			defaultConfigurationName = Release;
		};
		AFA6284D2370697E009EBB45 /* Build configuration list for PBXNativeTarget "ViewStateStudy" */ = {
			isa = XCConfigurationList;
			buildConfigurations = (
				AFA6284E2370697E009EBB45 /* Debug */,
				AFA6284F2370697E009EBB45 /* Release */,
			);
			defaultConfigurationIsVisible = 0;
			defaultConfigurationName = Release;
		};
/* End XCConfigurationList section */
	};
	rootObject = AFA628332370697D009EBB45 /* Project object */;
}
